// !$*UTF8*$!
{
	archiveVersion = 1;
	classes = {
	};
	objectVersion = 48;
	objects = {

/* Begin PBXBuildFile section */
		390BCC7D1F18D5BF0082F226 /* music.mp3 in Resources */ = {isa = PBXBuildFile; fileRef = 3981FA7F1F18B72700ED3FCD /* music.mp3 */; };
		390BCC7E1F18D5C50082F226 /* music.png in Resources */ = {isa = PBXBuildFile; fileRef = 3981FA7E1F18B72700ED3FCD /* music.png */; };
		393616E31F16373000A9CEAA /* pokemon.csv in Resources */ = {isa = PBXBuildFile; fileRef = 393616E21F16372F00A9CEAA /* pokemon.csv */; };
		393616E61F1638DE00A9CEAA /* Pokemon.swift in Sources */ = {isa = PBXBuildFile; fileRef = 393616E51F1638DE00A9CEAA /* Pokemon.swift */; };
		393616E91F163E8400A9CEAA /* PokeCell.swift in Sources */ = {isa = PBXBuildFile; fileRef = 393616E81F163E8400A9CEAA /* PokeCell.swift */; };
		393616EB1F17456900A9CEAA /* csv.swift in Sources */ = {isa = PBXBuildFile; fileRef = 393616EA1F17456900A9CEAA /* csv.swift */; };
		393616EE1F1768B400A9CEAA /* pokemon.ttf in Resources */ = {isa = PBXBuildFile; fileRef = 393616EC1F1768B400A9CEAA /* pokemon.ttf */; };
		3994F57F1F19FC2A0086FE86 /* Constants.swift in Sources */ = {isa = PBXBuildFile; fileRef = 3994F57E1F19FC2A0086FE86 /* Constants.swift */; };
		39DEE6391F178A0D004328ED /* PokemonDetailVC.swift in Sources */ = {isa = PBXBuildFile; fileRef = 39DEE6381F178A0D004328ED /* PokemonDetailVC.swift */; };
		39F3C7551F14E6E6007E5743 /* AppDelegate.swift in Sources */ = {isa = PBXBuildFile; fileRef = 39F3C7541F14E6E6007E5743 /* AppDelegate.swift */; };
		39F3C7571F14E6E6007E5743 /* ViewController.swift in Sources */ = {isa = PBXBuildFile; fileRef = 39F3C7561F14E6E6007E5743 /* ViewController.swift */; };
		39F3C75A1F14E6E6007E5743 /* Main.storyboard in Resources */ = {isa = PBXBuildFile; fileRef = 39F3C7581F14E6E6007E5743 /* Main.storyboard */; };
		39F3C75C1F14E6E6007E5743 /* Assets.xcassets in Resources */ = {isa = PBXBuildFile; fileRef = 39F3C75B1F14E6E6007E5743 /* Assets.xcassets */; };
		39F3C75F1F14E6E6007E5743 /* LaunchScreen.storyboard in Resources */ = {isa = PBXBuildFile; fileRef = 39F3C75D1F14E6E6007E5743 /* LaunchScreen.storyboard */; };
		5246E0B00D59D17ECB5B92F1 /* Pods_pokedex.framework in Frameworks */ = {isa = PBXBuildFile; fileRef = 7B42BA0A0A0F2A859E92E228 /* Pods_pokedex.framework */; };
/* End PBXBuildFile section */

/* Begin PBXFileReference section */
		1B5887101869A0985D3F996F /* Pods-pokedex.debug.xcconfig */ = {isa = PBXFileReference; includeInIndex = 1; lastKnownFileType = text.xcconfig; name = "Pods-pokedex.debug.xcconfig"; path = "Pods/Target Support Files/Pods-pokedex/Pods-pokedex.debug.xcconfig"; sourceTree = "<group>"; };
		302EDA8A9771C8DB21BC1547 /* Pods-pokedex.release.xcconfig */ = {isa = PBXFileReference; includeInIndex = 1; lastKnownFileType = text.xcconfig; name = "Pods-pokedex.release.xcconfig"; path = "Pods/Target Support Files/Pods-pokedex/Pods-pokedex.release.xcconfig"; sourceTree = "<group>"; };
		393616E21F16372F00A9CEAA /* pokemon.csv */ = {isa = PBXFileReference; fileEncoding = 4; lastKnownFileType = text; path = pokemon.csv; sourceTree = "<group>"; };
		393616E51F1638DE00A9CEAA /* Pokemon.swift */ = {isa = PBXFileReference; lastKnownFileType = sourcecode.swift; path = Pokemon.swift; sourceTree = "<group>"; };
		393616E81F163E8400A9CEAA /* PokeCell.swift */ = {isa = PBXFileReference; lastKnownFileType = sourcecode.swift; path = PokeCell.swift; sourceTree = "<group>"; };
		393616EA1F17456900A9CEAA /* csv.swift */ = {isa = PBXFileReference; fileEncoding = 4; lastKnownFileType = sourcecode.swift; path = csv.swift; sourceTree = "<group>"; };
		393616EC1F1768B400A9CEAA /* pokemon.ttf */ = {isa = PBXFileReference; lastKnownFileType = file; path = pokemon.ttf; sourceTree = "<group>"; };
		3981FA7E1F18B72700ED3FCD /* music.png */ = {isa = PBXFileReference; lastKnownFileType = image.png; path = music.png; sourceTree = "<group>"; };
		3981FA7F1F18B72700ED3FCD /* music.mp3 */ = {isa = PBXFileReference; lastKnownFileType = audio.mp3; path = music.mp3; sourceTree = "<group>"; };
		3994F57E1F19FC2A0086FE86 /* Constants.swift */ = {isa = PBXFileReference; lastKnownFileType = sourcecode.swift; path = Constants.swift; sourceTree = "<group>"; };
		39DEE6381F178A0D004328ED /* PokemonDetailVC.swift */ = {isa = PBXFileReference; lastKnownFileType = sourcecode.swift; path = PokemonDetailVC.swift; sourceTree = "<group>"; };
		39F3C7511F14E6E6007E5743 /* pokedex.app */ = {isa = PBXFileReference; explicitFileType = wrapper.application; includeInIndex = 0; path = pokedex.app; sourceTree = BUILT_PRODUCTS_DIR; };
		39F3C7541F14E6E6007E5743 /* AppDelegate.swift */ = {isa = PBXFileReference; lastKnownFileType = sourcecode.swift; path = AppDelegate.swift; sourceTree = "<group>"; };
		39F3C7561F14E6E6007E5743 /* ViewController.swift */ = {isa = PBXFileReference; lastKnownFileType = sourcecode.swift; path = ViewController.swift; sourceTree = "<group>"; };
		39F3C7591F14E6E6007E5743 /* Base */ = {isa = PBXFileReference; lastKnownFileType = file.storyboard; name = Base; path = Base.lproj/Main.storyboard; sourceTree = "<group>"; };
		39F3C75B1F14E6E6007E5743 /* Assets.xcassets */ = {isa = PBXFileReference; lastKnownFileType = folder.assetcatalog; path = Assets.xcassets; sourceTree = "<group>"; };
		39F3C75E1F14E6E6007E5743 /* Base */ = {isa = PBXFileReference; lastKnownFileType = file.storyboard; name = Base; path = Base.lproj/LaunchScreen.storyboard; sourceTree = "<group>"; };
		39F3C7601F14E6E6007E5743 /* Info.plist */ = {isa = PBXFileReference; lastKnownFileType = text.plist.xml; path = Info.plist; sourceTree = "<group>"; };
		7B42BA0A0A0F2A859E92E228 /* Pods_pokedex.framework */ = {isa = PBXFileReference; explicitFileType = wrapper.framework; includeInIndex = 0; path = Pods_pokedex.framework; sourceTree = BUILT_PRODUCTS_DIR; };
/* End PBXFileReference section */

/* Begin PBXFrameworksBuildPhase section */
		39F3C74E1F14E6E6007E5743 /* Frameworks */ = {
			isa = PBXFrameworksBuildPhase;
			buildActionMask = 2147483647;
			files = (
				5246E0B00D59D17ECB5B92F1 /* Pods_pokedex.framework in Frameworks */,
			);
			runOnlyForDeploymentPostprocessing = 0;
		};
/* End PBXFrameworksBuildPhase section */

/* Begin PBXGroup section */
		1123CF3F14BDD51CA96C0DE0 /* Frameworks */ = {
			isa = PBXGroup;
			children = (
				7B42BA0A0A0F2A859E92E228 /* Pods_pokedex.framework */,
			);
			name = Frameworks;
			sourceTree = "<group>";
		};
		393616E41F1638C700A9CEAA /* Model */ = {
			isa = PBXGroup;
			children = (
				393616E51F1638DE00A9CEAA /* Pokemon.swift */,
			);
			path = Model;
			sourceTree = "<group>";
		};
		393616E71F163E6600A9CEAA /* View */ = {
			isa = PBXGroup;
			children = (
				393616E81F163E8400A9CEAA /* PokeCell.swift */,
			);
			path = View;
			sourceTree = "<group>";
		};
		393616F01F17690500A9CEAA /* Utils */ = {
			isa = PBXGroup;
			children = (
				393616EA1F17456900A9CEAA /* csv.swift */,
				3994F57E1F19FC2A0086FE86 /* Constants.swift */,
			);
			path = Utils;
			sourceTree = "<group>";
		};
		393616F11F17690D00A9CEAA /* Resources */ = {
			isa = PBXGroup;
			children = (
				3981FA7F1F18B72700ED3FCD /* music.mp3 */,
				3981FA7E1F18B72700ED3FCD /* music.png */,
				393616E21F16372F00A9CEAA /* pokemon.csv */,
				393616EC1F1768B400A9CEAA /* pokemon.ttf */,
			);
			path = Resources;
			sourceTree = "<group>";
		};
		393616F21F17692C00A9CEAA /* Controller */ = {
			isa = PBXGroup;
			children = (
				39F3C7561F14E6E6007E5743 /* ViewController.swift */,
				39DEE6381F178A0D004328ED /* PokemonDetailVC.swift */,
			);
			path = Controller;
			sourceTree = "<group>";
		};
		39F3C7481F14E6E6007E5743 = {
			isa = PBXGroup;
			children = (
				39F3C7531F14E6E6007E5743 /* pokedex */,
				39F3C7521F14E6E6007E5743 /* Products */,
				FA33539BAA11A39A7DB63A39 /* Pods */,
				1123CF3F14BDD51CA96C0DE0 /* Frameworks */,
			);
			sourceTree = "<group>";
		};
		39F3C7521F14E6E6007E5743 /* Products */ = {
			isa = PBXGroup;
			children = (
				39F3C7511F14E6E6007E5743 /* pokedex.app */,
			);
			name = Products;
			sourceTree = "<group>";
		};
		39F3C7531F14E6E6007E5743 /* pokedex */ = {
			isa = PBXGroup;
			children = (
				393616E41F1638C700A9CEAA /* Model */,
				393616E71F163E6600A9CEAA /* View */,
				393616F21F17692C00A9CEAA /* Controller */,
				393616F11F17690D00A9CEAA /* Resources */,
				393616F01F17690500A9CEAA /* Utils */,
				39F3C7541F14E6E6007E5743 /* AppDelegate.swift */,
				39F3C7581F14E6E6007E5743 /* Main.storyboard */,
				39F3C75B1F14E6E6007E5743 /* Assets.xcassets */,
				39F3C75D1F14E6E6007E5743 /* LaunchScreen.storyboard */,
				39F3C7601F14E6E6007E5743 /* Info.plist */,
			);
			path = pokedex;
			sourceTree = "<group>";
		};
		FA33539BAA11A39A7DB63A39 /* Pods */ = {
			isa = PBXGroup;
			children = (
				1B5887101869A0985D3F996F /* Pods-pokedex.debug.xcconfig */,
				302EDA8A9771C8DB21BC1547 /* Pods-pokedex.release.xcconfig */,
			);
			name = Pods;
			sourceTree = "<group>";
		};
/* End PBXGroup section */

/* Begin PBXNativeTarget section */
		39F3C7501F14E6E6007E5743 /* pokedex */ = {
			isa = PBXNativeTarget;
			buildConfigurationList = 39F3C7631F14E6E6007E5743 /* Build configuration list for PBXNativeTarget "pokedex" */;
			buildPhases = (
				C3C8C652AA83490B5AE4DA78 /* [CP] Check Pods Manifest.lock */,
				39F3C74D1F14E6E6007E5743 /* Sources */,
				39F3C74E1F14E6E6007E5743 /* Frameworks */,
				39F3C74F1F14E6E6007E5743 /* Resources */,
				C1215AEB306315811DFFE57E /* [CP] Embed Pods Frameworks */,
				D06D5AD31D4C6946708B930E /* [CP] Copy Pods Resources */,
			);
			buildRules = (
			);
			dependencies = (
			);
			name = pokedex;
			productName = pokedex;
			productReference = 39F3C7511F14E6E6007E5743 /* pokedex.app */;
			productType = "com.apple.product-type.application";
		};
/* End PBXNativeTarget section */

/* Begin PBXProject section */
		39F3C7491F14E6E6007E5743 /* Project object */ = {
			isa = PBXProject;
			attributes = {
				LastSwiftUpdateCheck = 0900;
				LastUpgradeCheck = 0900;
				ORGANIZATIONNAME = "Varun Chawla";
				TargetAttributes = {
					39F3C7501F14E6E6007E5743 = {
						CreatedOnToolsVersion = 9.0;
						LastSwiftMigration = 0900;
					};
				};
			};
			buildConfigurationList = 39F3C74C1F14E6E6007E5743 /* Build configuration list for PBXProject "pokedex" */;
			compatibilityVersion = "Xcode 8.0";
			developmentRegion = en;
			hasScannedForEncodings = 0;
			knownRegions = (
				en,
				Base,
			);
			mainGroup = 39F3C7481F14E6E6007E5743;
			productRefGroup = 39F3C7521F14E6E6007E5743 /* Products */;
			projectDirPath = "";
			projectRoot = "";
			targets = (
				39F3C7501F14E6E6007E5743 /* pokedex */,
			);
		};
/* End PBXProject section */

/* Begin PBXResourcesBuildPhase section */
		39F3C74F1F14E6E6007E5743 /* Resources */ = {
			isa = PBXResourcesBuildPhase;
			buildActionMask = 2147483647;
			files = (
				393616EE1F1768B400A9CEAA /* pokemon.ttf in Resources */,
				390BCC7E1F18D5C50082F226 /* music.png in Resources */,
				39F3C75F1F14E6E6007E5743 /* LaunchScreen.storyboard in Resources */,
				390BCC7D1F18D5BF0082F226 /* music.mp3 in Resources */,
				39F3C75C1F14E6E6007E5743 /* Assets.xcassets in Resources */,
				393616E31F16373000A9CEAA /* pokemon.csv in Resources */,
				39F3C75A1F14E6E6007E5743 /* Main.storyboard in Resources */,
			);
			runOnlyForDeploymentPostprocessing = 0;
		};
/* End PBXResourcesBuildPhase section */

/* Begin PBXShellScriptBuildPhase section */
		C1215AEB306315811DFFE57E /* [CP] Embed Pods Frameworks */ = {
			isa = PBXShellScriptBuildPhase;
			buildActionMask = 2147483647;
			files = (
			);
			inputPaths = (
			);
			name = "[CP] Embed Pods Frameworks";
			outputPaths = (
			);
			runOnlyForDeploymentPostprocessing = 0;
			shellPath = /bin/sh;
			shellScript = "\"${SRCROOT}/Pods/Target Support Files/Pods-pokedex/Pods-pokedex-frameworks.sh\"\n";
			showEnvVarsInLog = 0;
		};
		C3C8C652AA83490B5AE4DA78 /* [CP] Check Pods Manifest.lock */ = {
			isa = PBXShellScriptBuildPhase;
			buildActionMask = 2147483647;
			files = (
			);
			inputPaths = (
			);
			name = "[CP] Check Pods Manifest.lock";
			outputPaths = (
			);
			runOnlyForDeploymentPostprocessing = 0;
			shellPath = /bin/sh;
			shellScript = "diff \"${PODS_PODFILE_DIR_PATH}/Podfile.lock\" \"${PODS_ROOT}/Manifest.lock\" > /dev/null\nif [ $? != 0 ] ; then\n    # print error to STDERR\n    echo \"error: The sandbox is not in sync with the Podfile.lock. Run 'pod install' or update your CocoaPods installation.\" >&2\n    exit 1\nfi\n";
			showEnvVarsInLog = 0;
		};
		D06D5AD31D4C6946708B930E /* [CP] Copy Pods Resources */ = {
			isa = PBXShellScriptBuildPhase;
			buildActionMask = 2147483647;
			files = (
			);
			inputPaths = (
			);
			name = "[CP] Copy Pods Resources";
			outputPaths = (
			);
			runOnlyForDeploymentPostprocessing = 0;
			shellPath = /bin/sh;
			shellScript = "\"${SRCROOT}/Pods/Target Support Files/Pods-pokedex/Pods-pokedex-resources.sh\"\n";
			showEnvVarsInLog = 0;
		};
/* End PBXShellScriptBuildPhase section */

/* Begin PBXSourcesBuildPhase section */
		39F3C74D1F14E6E6007E5743 /* Sources */ = {
			isa = PBXSourcesBuildPhase;
			buildActionMask = 2147483647;
			files = (
				393616E91F163E8400A9CEAA /* PokeCell.swift in Sources */,
				39F3C7571F14E6E6007E5743 /* ViewController.swift in Sources */,
				39F3C7551F14E6E6007E5743 /* AppDelegate.swift in Sources */,
				39DEE6391F178A0D004328ED /* PokemonDetailVC.swift in Sources */,
				3994F57F1F19FC2A0086FE86 /* Constants.swift in Sources */,
				393616E61F1638DE00A9CEAA /* Pokemon.swift in Sources */,
				393616EB1F17456900A9CEAA /* csv.swift in Sources */,
			);
			runOnlyForDeploymentPostprocessing = 0;
		};
/* End PBXSourcesBuildPhase section */

/* Begin PBXVariantGroup section */
		39F3C7581F14E6E6007E5743 /* Main.storyboard */ = {
			isa = PBXVariantGroup;
			children = (
				39F3C7591F14E6E6007E5743 /* Base */,
			);
			name = Main.storyboard;
			sourceTree = "<group>";
		};
		39F3C75D1F14E6E6007E5743 /* LaunchScreen.storyboard */ = {
			isa = PBXVariantGroup;
			children = (
				39F3C75E1F14E6E6007E5743 /* Base */,
			);
			name = LaunchScreen.storyboard;
			sourceTree = "<group>";
		};
/* End PBXVariantGroup section */

/* Begin XCBuildConfiguration section */
		39F3C7611F14E6E6007E5743 /* Debug */ = {
			isa = XCBuildConfiguration;
			buildSettings = {
				ALWAYS_SEARCH_USER_PATHS = NO;
				CLANG_ANALYZER_NONNULL = YES;
				CLANG_ANALYZER_NUMBER_OBJECT_CONVERSION = YES_AGGRESSIVE;
				CLANG_CXX_LANGUAGE_STANDARD = "gnu++14";
				CLANG_CXX_LIBRARY = "libc++";
				CLANG_ENABLE_MODULES = YES;
				CLANG_ENABLE_OBJC_ARC = YES;
				CLANG_WARN_BLOCK_CAPTURE_AUTORELEASING = YES;
				CLANG_WARN_BOOL_CONVERSION = YES;
				CLANG_WARN_COMMA = YES;
				CLANG_WARN_CONSTANT_CONVERSION = YES;
				CLANG_WARN_DIRECT_OBJC_ISA_USAGE = YES_ERROR;
				CLANG_WARN_DOCUMENTATION_COMMENTS = YES;
				CLANG_WARN_EMPTY_BODY = YES;
				CLANG_WARN_ENUM_CONVERSION = YES;
				CLANG_WARN_INFINITE_RECURSION = YES;
				CLANG_WARN_INT_CONVERSION = YES;
				CLANG_WARN_OBJC_ROOT_CLASS = YES_ERROR;
				CLANG_WARN_RANGE_LOOP_ANALYSIS = YES;
				CLANG_WARN_STRICT_PROTOTYPES = YES;
				CLANG_WARN_SUSPICIOUS_MOVE = YES;
				CLANG_WARN_UNGUARDED_AVAILABILITY = YES_AGGRESSIVE;
				CLANG_WARN_UNREACHABLE_CODE = YES;
				CLANG_WARN__DUPLICATE_METHOD_MATCH = YES;
				CODE_SIGN_IDENTITY = "iPhone Developer";
				COPY_PHASE_STRIP = NO;
				DEBUG_INFORMATION_FORMAT = dwarf;
				ENABLE_STRICT_OBJC_MSGSEND = YES;
				ENABLE_TESTABILITY = YES;
				GCC_C_LANGUAGE_STANDARD = gnu11;
				GCC_DYNAMIC_NO_PIC = NO;
				GCC_NO_COMMON_BLOCKS = YES;
				GCC_OPTIMIZATION_LEVEL = 0;
				GCC_PREPROCESSOR_DEFINITIONS = (
					"DEBUG=1",
					"$(inherited)",
				);
				GCC_WARN_64_TO_32_BIT_CONVERSION = YES;
				GCC_WARN_ABOUT_RETURN_TYPE = YES_ERROR;
				GCC_WARN_UNDECLARED_SELECTOR = YES;
				GCC_WARN_UNINITIALIZED_AUTOS = YES_AGGRESSIVE;
				GCC_WARN_UNUSED_FUNCTION = YES;
				GCC_WARN_UNUSED_VARIABLE = YES;
				IPHONEOS_DEPLOYMENT_TARGET = 11.0;
				MTL_ENABLE_DEBUG_INFO = YES;
				ONLY_ACTIVE_ARCH = YES;
				SDKROOT = iphoneos;
				SWIFT_ACTIVE_COMPILATION_CONDITIONS = DEBUG;
				SWIFT_OPTIMIZATION_LEVEL = "-Onone";
			};
			name = Debug;
		};
		39F3C7621F14E6E6007E5743 /* Release */ = {
			isa = XCBuildConfiguration;
			buildSettings = {
				ALWAYS_SEARCH_USER_PATHS = NO;
				CLANG_ANALYZER_NONNULL = YES;
				CLANG_ANALYZER_NUMBER_OBJECT_CONVERSION = YES_AGGRESSIVE;
				CLANG_CXX_LANGUAGE_STANDARD = "gnu++14";
				CLANG_CXX_LIBRARY = "libc++";
				CLANG_ENABLE_MODULES = YES;
				CLANG_ENABLE_OBJC_ARC = YES;
				CLANG_WARN_BLOCK_CAPTURE_AUTORELEASING = YES;
				CLANG_WARN_BOOL_CONVERSION = YES;
				CLANG_WARN_COMMA = YES;
				CLANG_WARN_CONSTANT_CONVERSION = YES;
				CLANG_WARN_DIRECT_OBJC_ISA_USAGE = YES_ERROR;
				CLANG_WARN_DOCUMENTATION_COMMENTS = YES;
				CLANG_WARN_EMPTY_BODY = YES;
				CLANG_WARN_ENUM_CONVERSION = YES;
				CLANG_WARN_INFINITE_RECURSION = YES;
				CLANG_WARN_INT_CONVERSION = YES;
				CLANG_WARN_OBJC_ROOT_CLASS = YES_ERROR;
				CLANG_WARN_RANGE_LOOP_ANALYSIS = YES;
				CLANG_WARN_STRICT_PROTOTYPES = YES;
				CLANG_WARN_SUSPICIOUS_MOVE = YES;
				CLANG_WARN_UNGUARDED_AVAILABILITY = YES_AGGRESSIVE;
				CLANG_WARN_UNREACHABLE_CODE = YES;
				CLANG_WARN__DUPLICATE_METHOD_MATCH = YES;
				CODE_SIGN_IDENTITY = "iPhone Developer";
				COPY_PHASE_STRIP = NO;
				DEBUG_INFORMATION_FORMAT = "dwarf-with-dsym";
				ENABLE_NS_ASSERTIONS = NO;
				ENABLE_STRICT_OBJC_MSGSEND = YES;
				GCC_C_LANGUAGE_STANDARD = gnu11;
				GCC_NO_COMMON_BLOCKS = YES;
				GCC_WARN_64_TO_32_BIT_CONVERSION = YES;
				GCC_WARN_ABOUT_RETURN_TYPE = YES_ERROR;
				GCC_WARN_UNDECLARED_SELECTOR = YES;
				GCC_WARN_UNINITIALIZED_AUTOS = YES_AGGRESSIVE;
				GCC_WARN_UNUSED_FUNCTION = YES;
				GCC_WARN_UNUSED_VARIABLE = YES;
				IPHONEOS_DEPLOYMENT_TARGET = 11.0;
				MTL_ENABLE_DEBUG_INFO = NO;
				SDKROOT = iphoneos;
				SWIFT_OPTIMIZATION_LEVEL = "-Owholemodule";
				VALIDATE_PRODUCT = YES;
			};
			name = Release;
		};
		39F3C7641F14E6E6007E5743 /* Debug */ = {
			isa = XCBuildConfiguration;
			baseConfigurationReference = 1B5887101869A0985D3F996F /* Pods-pokedex.debug.xcconfig */;
			buildSettings = {
				ASSETCATALOG_COMPILER_APPICON_NAME = AppIcon;
				DEVELOPMENT_TEAM = T4XSA7947T;
				INFOPLIST_FILE = pokedex/Info.plist;
				LD_RUNPATH_SEARCH_PATHS = "$(inherited) @executable_path/Frameworks";
				PRODUCT_BUNDLE_IDENTIFIER = com.varapps.pokedex;
				PRODUCT_NAME = "$(TARGET_NAME)";
				SWIFT_SWIFT3_OBJC_INFERENCE = Off;
				SWIFT_VERSION = 4.0;
				TARGETED_DEVICE_FAMILY = "1,2";
			};
			name = Debug;
		};
		39F3C7651F14E6E6007E5743 /* Release */ = {
			isa = XCBuildConfiguration;
			baseConfigurationReference = 302EDA8A9771C8DB21BC1547 /* Pods-pokedex.release.xcconfig */;
			buildSettings = {
				ASSETCATALOG_COMPILER_APPICON_NAME = AppIcon;
				DEVELOPMENT_TEAM = T4XSA7947T;
				INFOPLIST_FILE = pokedex/Info.plist;
				LD_RUNPATH_SEARCH_PATHS = "$(inherited) @executable_path/Frameworks";
				PRODUCT_BUNDLE_IDENTIFIER = com.varapps.pokedex;
				PRODUCT_NAME = "$(TARGET_NAME)";
				SWIFT_SWIFT3_OBJC_INFERENCE = Off;
				SWIFT_VERSION = 4.0;
				TARGETED_DEVICE_FAMILY = "1,2";
			};
			name = Release;
		};
/* End XCBuildConfiguration section */

/* Begin XCConfigurationList section */
		39F3C74C1F14E6E6007E5743 /* Build configuration list for PBXProject "pokedex" */ = {
			isa = XCConfigurationList;
			buildConfigurations = (
				39F3C7611F14E6E6007E5743 /* Debug */,
				39F3C7621F14E6E6007E5743 /* Release */,
			);
			defaultConfigurationIsVisible = 0;
			defaultConfigurationName = Release;
		};
		39F3C7631F14E6E6007E5743 /* Build configuration list for PBXNativeTarget "pokedex" */ = {
			isa = XCConfigurationList;
			buildConfigurations = (
				39F3C7641F14E6E6007E5743 /* Debug */,
				39F3C7651F14E6E6007E5743 /* Release */,
			);
			defaultConfigurationIsVisible = 0;
			defaultConfigurationName = Release;
		};
/* End XCConfigurationList section */
	};
	rootObject = 39F3C7491F14E6E6007E5743 /* Project object */;
}
